
Microsoft Visual Studio Solution File, Format Version 12.00
# Visual Studio Version 17
VisualStudioVersion = 17.0.31903.59
MinimumVisualStudioVersion = 10.0.40219.1
Project("{2150E333-8FDC-42A3-9474-1A3956D46DE8}") = "src", "src", "{827E0CD3-B72D-47B6-A68D-7590B98EB39B}"
EndProject
Project("{FAE04EC0-301F-11D3-BF4B-00C04F79EFBC}") = "MedFarLab.Api", "src\MedFarLab.Api\MedFarLab.Api.csproj", "{2FC3DF3D-5321-48F1-B927-F13968A2A687}"
EndProject
Project("{FAE04EC0-301F-11D3-BF4B-00C04F79EFBC}") = "MedFarLab.Pwa", "src\MedFarLab.Pwa\MedFarLab.Pwa.csproj", "{7247A00E-F753-4079-8456-5A70FA43F445}"
EndProject
Project("{FAE04EC0-301F-11D3-BF4B-00C04F79EFBC}") = "MedFarLab.Application", "src\MedFarLab.Application\MedFarLab.Application.csproj", "{2E33BE7B-81C2-4218-A9BB-8FB1413B4A0B}"
EndProject
Project("{FAE04EC0-301F-11D3-BF4B-00C04F79EFBC}") = "MedFarLab.Reporting.Api", "src\MedFarLab.Reporting.Api\MedFarLab.Reporting.Api.csproj", "{3D80E24E-E12F-4240-82A3-89589E30897D}"
EndProject
Project("{2150E333-8FDC-42A3-9474-1A3956D46DE8}") = "tests", "tests", "{0AB3BF05-4346-4AA6-1389-037BE0695223}"
EndProject
Project("{FAE04EC0-301F-11D3-BF4B-00C04F79EFBC}") = "MedFarLab.Api.IntegrationTests", "tests\MedFarLab.Api.IntegrationTests\MedFarLab.Api.IntegrationTests.csproj", "{75F49DAC-0B27-4498-8FE7-686D133C9EE5}"
EndProject
Project("{FAE04EC0-301F-11D3-BF4B-00C04F79EFBC}") = "MedFarLab.Application.UnitTests", "tests\MedFarLab.Application.UnitTests\MedFarLab.Application.UnitTests.csproj", "{8A819CE1-75F8-4DED-A124-F6A4FC8D7C21}"
EndProject
Project("{FAE04EC0-301F-11D3-BF4B-00C04F79EFBC}") = "MedFarLab.Domain.UnitTests", "tests\MedFarLab.Domain.UnitTests\MedFarLab.Domain.UnitTests.csproj", "{B351F64D-E7B3-49F6-B12E-5A122ECC7125}"
EndProject
Project("{FAE04EC0-301F-11D3-BF4B-00C04F79EFBC}") = "MedFarLab.Pwa.Tests", "tests\MedFarLab.Pwa.Tests\MedFarLab.Pwa.Tests.csproj", "{FB32EBF8-9B09-491C-AAB3-A490A43B274E}"
EndProject
Global
	GlobalSection(SolutionConfigurationPlatforms) = preSolution
		Debug|Any CPU = Debug|Any CPU
		Debug|x64 = Debug|x64
		Debug|x86 = Debug|x86
		Release|Any CPU = Release|Any CPU
		Release|x64 = Release|x64
		Release|x86 = Release|x86
	EndGlobalSection
	GlobalSection(ProjectConfigurationPlatforms) = postSolution
		{2FC3DF3D-5321-48F1-B927-F13968A2A687}.Debug|Any CPU.ActiveCfg = Debug|Any CPU
		{2FC3DF3D-5321-48F1-B927-F13968A2A687}.Debug|Any CPU.Build.0 = Debug|Any CPU
		{2FC3DF3D-5321-48F1-B927-F13968A2A687}.Debug|x64.ActiveCfg = Debug|Any CPU
		{2FC3DF3D-5321-48F1-B927-F13968A2A687}.Debug|x64.Build.0 = Debug|Any CPU
		{2FC3DF3D-5321-48F1-B927-F13968A2A687}.Debug|x86.ActiveCfg = Debug|Any CPU
		{2FC3DF3D-5321-48F1-B927-F13968A2A687}.Debug|x86.Build.0 = Debug|Any CPU
		{2FC3DF3D-5321-48F1-B927-F13968A2A687}.Release|Any CPU.ActiveCfg = Release|Any CPU
		{2FC3DF3D-5321-48F1-B927-F13968A2A687}.Release|Any CPU.Build.0 = Release|Any CPU
		{2FC3DF3D-5321-48F1-B927-F13968A2A687}.Release|x64.ActiveCfg = Release|Any CPU
		{2FC3DF3D-5321-48F1-B927-F13968A2A687}.Release|x64.Build.0 = Release|Any CPU
		{2FC3DF3D-5321-48F1-B927-F13968A2A687}.Release|x86.ActiveCfg = Release|Any CPU
		{2FC3DF3D-5321-48F1-B927-F13968A2A687}.Release|x86.Build.0 = Release|Any CPU
		{7247A00E-F753-4079-8456-5A70FA43F445}.Debug|Any CPU.ActiveCfg = Debug|Any CPU
		{7247A00E-F753-4079-8456-5A70FA43F445}.Debug|Any CPU.Build.0 = Debug|Any CPU
		{7247A00E-F753-4079-8456-5A70FA43F445}.Debug|x64.ActiveCfg = Debug|Any CPU
		{7247A00E-F753-4079-8456-5A70FA43F445}.Debug|x64.Build.0 = Debug|Any CPU
		{7247A00E-F753-4079-8456-5A70FA43F445}.Debug|x86.ActiveCfg = Debug|Any CPU
		{7247A00E-F753-4079-8456-5A70FA43F445}.Debug|x86.Build.0 = Debug|Any CPU
		{7247A00E-F753-4079-8456-5A70FA43F445}.Release|Any CPU.ActiveCfg = Release|Any CPU
		{7247A00E-F753-4079-8456-5A70FA43F445}.Release|Any CPU.Build.0 = Release|Any CPU
		{7247A00E-F753-4079-8456-5A70FA43F445}.Release|x64.ActiveCfg = Release|Any CPU
		{7247A00E-F753-4079-8456-5A70FA43F445}.Release|x64.Build.0 = Release|Any CPU
		{7247A00E-F753-4079-8456-5A70FA43F445}.Release|x86.ActiveCfg = Release|Any CPU
		{7247A00E-F753-4079-8456-5A70FA43F445}.Release|x86.Build.0 = Release|Any CPU
		{2E33BE7B-81C2-4218-A9BB-8FB1413B4A0B}.Debug|Any CPU.ActiveCfg = Debug|Any CPU
		{2E33BE7B-81C2-4218-A9BB-8FB1413B4A0B}.Debug|Any CPU.Build.0 = Debug|Any CPU
		{2E33BE7B-81C2-4218-A9BB-8FB1413B4A0B}.Debug|x64.ActiveCfg = Debug|Any CPU
		{2E33BE7B-81C2-4218-A9BB-8FB1413B4A0B}.Debug|x64.Build.0 = Debug|Any CPU
		{2E33BE7B-81C2-4218-A9BB-8FB1413B4A0B}.Debug|x86.ActiveCfg = Debug|Any CPU
		{2E33BE7B-81C2-4218-A9BB-8FB1413B4A0B}.Debug|x86.Build.0 = Debug|Any CPU
		{2E33BE7B-81C2-4218-A9BB-8FB1413B4A0B}.Release|Any CPU.ActiveCfg = Release|Any CPU
		{2E33BE7B-81C2-4218-A9BB-8FB1413B4A0B}.Release|Any CPU.Build.0 = Release|Any CPU
		{2E33BE7B-81C2-4218-A9BB-8FB1413B4A0B}.Release|x64.ActiveCfg = Release|Any CPU
		{2E33BE7B-81C2-4218-A9BB-8FB1413B4A0B}.Release|x64.Build.0 = Release|Any CPU
		{2E33BE7B-81C2-4218-A9BB-8FB1413B4A0B}.Release|x86.ActiveCfg = Release|Any CPU
		{2E33BE7B-81C2-4218-A9BB-8FB1413B4A0B}.Release|x86.Build.0 = Release|Any CPU
		{3D80E24E-E12F-4240-82A3-89589E30897D}.Debug|Any CPU.ActiveCfg = Debug|Any CPU
		{3D80E24E-E12F-4240-82A3-89589E30897D}.Debug|Any CPU.Build.0 = Debug|Any CPU
		{3D80E24E-E12F-4240-82A3-89589E30897D}.Debug|x64.ActiveCfg = Debug|Any CPU
		{3D80E24E-E12F-4240-82A3-89589E30897D}.Debug|x64.Build.0 = Debug|Any CPU
		{3D80E24E-E12F-4240-82A3-89589E30897D}.Debug|x86.ActiveCfg = Debug|Any CPU
		{3D80E24E-E12F-4240-82A3-89589E30897D}.Debug|x86.Build.0 = Debug|Any CPU
		{3D80E24E-E12F-4240-82A3-89589E30897D}.Release|Any CPU.ActiveCfg = Release|Any CPU
		{3D80E24E-E12F-4240-82A3-89589E30897D}.Release|Any CPU.Build.0 = Release|Any CPU
		{3D80E24E-E12F-4240-82A3-89589E30897D}.Release|x64.ActiveCfg = Release|Any CPU
		{3D80E24E-E12F-4240-82A3-89589E30897D}.Release|x64.Build.0 = Release|Any CPU
		{3D80E24E-E12F-4240-82A3-89589E30897D}.Release|x86.ActiveCfg = Release|Any CPU
		{3D80E24E-E12F-4240-82A3-89589E30897D}.Release|x86.Build.0 = Release|Any CPU
		{75F49DAC-0B27-4498-8FE7-686D133C9EE5}.Debug|Any CPU.ActiveCfg = Debug|Any CPU
		{75F49DAC-0B27-4498-8FE7-686D133C9EE5}.Debug|Any CPU.Build.0 = Debug|Any CPU
		{75F49DAC-0B27-4498-8FE7-686D133C9EE5}.Debug|x64.ActiveCfg = Debug|Any CPU
		{75F49DAC-0B27-4498-8FE7-686D133C9EE5}.Debug|x64.Build.0 = Debug|Any CPU
		{75F49DAC-0B27-4498-8FE7-686D133C9EE5}.Debug|x86.ActiveCfg = Debug|Any CPU
		{75F49DAC-0B27-4498-8FE7-686D133C9EE5}.Debug|x86.Build.0 = Debug|Any CPU
		{75F49DAC-0B27-4498-8FE7-686D133C9EE5}.Release|Any CPU.ActiveCfg = Release|Any CPU
		{75F49DAC-0B27-4498-8FE7-686D133C9EE5}.Release|Any CPU.Build.0 = Release|Any CPU
		{75F49DAC-0B27-4498-8FE7-686D133C9EE5}.Release|x64.ActiveCfg = Release|Any CPU
		{75F49DAC-0B27-4498-8FE7-686D133C9EE5}.Release|x64.Build.0 = Release|Any CPU
		{75F49DAC-0B27-4498-8FE7-686D133C9EE5}.Release|x86.ActiveCfg = Release|Any CPU
		{75F49DAC-0B27-4498-8FE7-686D133C9EE5}.Release|x86.Build.0 = Release|Any CPU
		{8A819CE1-75F8-4DED-A124-F6A4FC8D7C21}.Debug|Any CPU.ActiveCfg = Debug|Any CPU
		{8A819CE1-75F8-4DED-A124-F6A4FC8D7C21}.Debug|Any CPU.Build.0 = Debug|Any CPU
		{8A819CE1-75F8-4DED-A124-F6A4FC8D7C21}.Debug|x64.ActiveCfg = Debug|Any CPU
		{8A819CE1-75F8-4DED-A124-F6A4FC8D7C21}.Debug|x64.Build.0 = Debug|Any CPU
		{8A819CE1-75F8-4DED-A124-F6A4FC8D7C21}.Debug|x86.ActiveCfg = Debug|Any CPU
		{8A819CE1-75F8-4DED-A124-F6A4FC8D7C21}.Debug|x86.Build.0 = Debug|Any CPU
		{8A819CE1-75F8-4DED-A124-F6A4FC8D7C21}.Release|Any CPU.ActiveCfg = Release|Any CPU
		{8A819CE1-75F8-4DED-A124-F6A4FC8D7C21}.Release|Any CPU.Build.0 = Release|Any CPU
		{8A819CE1-75F8-4DED-A124-F6A4FC8D7C21}.Release|x64.ActiveCfg = Release|Any CPU
		{8A819CE1-75F8-4DED-A124-F6A4FC8D7C21}.Release|x64.Build.0 = Release|Any CPU
		{8A819CE1-75F8-4DED-A124-F6A4FC8D7C21}.Release|x86.ActiveCfg = Release|Any CPU
		{8A819CE1-75F8-4DED-A124-F6A4FC8D7C21}.Release|x86.Build.0 = Release|Any CPU
		{B351F64D-E7B3-49F6-B12E-5A122ECC7125}.Debug|Any CPU.ActiveCfg = Debug|Any CPU
		{B351F64D-E7B3-49F6-B12E-5A122ECC7125}.Debug|Any CPU.Build.0 = Debug|Any CPU
		{B351F64D-E7B3-49F6-B12E-5A122ECC7125}.Debug|x64.ActiveCfg = Debug|Any CPU
		{B351F64D-E7B3-49F6-B12E-5A122ECC7125}.Debug|x64.Build.0 = Debug|Any CPU
		{B351F64D-E7B3-49F6-B12E-5A122ECC7125}.Debug|x86.ActiveCfg = Debug|Any CPU
		{B351F64D-E7B3-49F6-B12E-5A122ECC7125}.Debug|x86.Build.0 = Debug|Any CPU
		{B351F64D-E7B3-49F6-B12E-5A122ECC7125}.Release|Any CPU.ActiveCfg = Release|Any CPU
		{B351F64D-E7B3-49F6-B12E-5A122ECC7125}.Release|Any CPU.Build.0 = Release|Any CPU
		{B351F64D-E7B3-49F6-B12E-5A122ECC7125}.Release|x64.ActiveCfg = Release|Any CPU
		{B351F64D-E7B3-49F6-B12E-5A122ECC7125}.Release|x64.Build.0 = Release|Any CPU
		{B351F64D-E7B3-49F6-B12E-5A122ECC7125}.Release|x86.ActiveCfg = Release|Any CPU
		{B351F64D-E7B3-49F6-B12E-5A122ECC7125}.Release|x86.Build.0 = Release|Any CPU
		{FB32EBF8-9B09-491C-AAB3-A490A43B274E}.Debug|Any CPU.ActiveCfg = Debug|Any CPU
		{FB32EBF8-9B09-491C-AAB3-A490A43B274E}.Debug|Any CPU.Build.0 = Debug|Any CPU
		{FB32EBF8-9B09-491C-AAB3-A490A43B274E}.Debug|x64.ActiveCfg = Debug|Any CPU
		{FB32EBF8-9B09-491C-AAB3-A490A43B274E}.Debug|x64.Build.0 = Debug|Any CPU
		{FB32EBF8-9B09-491C-AAB3-A490A43B274E}.Debug|x86.ActiveCfg = Debug|Any CPU
		{FB32EBF8-9B09-491C-AAB3-A490A43B274E}.Debug|x86.Build.0 = Debug|Any CPU
		{FB32EBF8-9B09-491C-AAB3-A490A43B274E}.Release|Any CPU.ActiveCfg = Release|Any CPU
		{FB32EBF8-9B09-491C-AAB3-A490A43B274E}.Release|Any CPU.Build.0 = Release|Any CPU
		{FB32EBF8-9B09-491C-AAB3-A490A43B274E}.Release|x64.ActiveCfg = Release|Any CPU
		{FB32EBF8-9B09-491C-AAB3-A490A43B274E}.Release|x64.Build.0 = Release|Any CPU
		{FB32EBF8-9B09-491C-AAB3-A490A43B274E}.Release|x86.ActiveCfg = Release|Any CPU
		{FB32EBF8-9B09-491C-AAB3-A490A43B274E}.Release|x86.Build.0 = Release|Any CPU
	EndGlobalSection
	GlobalSection(SolutionProperties) = preSolution
		HideSolutionNode = FALSE
	EndGlobalSection
	GlobalSection(NestedProjects) = preSolution
		{2FC3DF3D-5321-48F1-B927-F13968A2A687} = {827E0CD3-B72D-47B6-A68D-7590B98EB39B}
		{7247A00E-F753-4079-8456-5A70FA43F445} = {827E0CD3-B72D-47B6-A68D-7590B98EB39B}
		{2E33BE7B-81C2-4218-A9BB-8FB1413B4A0B} = {827E0CD3-B72D-47B6-A68D-7590B98EB39B}
		{3D80E24E-E12F-4240-82A3-89589E30897D} = {827E0CD3-B72D-47B6-A68D-7590B98EB39B}
		{75F49DAC-0B27-4498-8FE7-686D133C9EE5} = {0AB3BF05-4346-4AA6-1389-037BE0695223}
		{8A819CE1-75F8-4DED-A124-F6A4FC8D7C21} = {0AB3BF05-4346-4AA6-1389-037BE0695223}
		{B351F64D-E7B3-49F6-B12E-5A122ECC7125} = {0AB3BF05-4346-4AA6-1389-037BE0695223}
		{FB32EBF8-9B09-491C-AAB3-A490A43B274E} = {0AB3BF05-4346-4AA6-1389-037BE0695223}
	EndGlobalSection
EndGlobal
